
Microsoft Visual Studio Solution File, Format Version 12.00
# Visual Studio Version 17
VisualStudioVersion = 17.10.35013.160
MinimumVisualStudioVersion = 10.0.40219.1
Project("{9A19103F-16F7-4668-BE54-9A1E7A4F7556}") = "BankAPI", "BankAPI\BankAPI.csproj", "{4A2EAB1D-FA08-433A-B76D-C2FD027E09BA}"
EndProject
Global
	GlobalSection(SolutionConfigurationPlatforms) = preSolution
		Debug|Any CPU = Debug|Any CPU
		Release|Any CPU = Release|Any CPU
	EndGlobalSection
	GlobalSection(ProjectConfigurationPlatforms) = postSolution
		{4A2EAB1D-FA08-433A-B76D-C2FD027E09BA}.Debug|Any CPU.ActiveCfg = Debug|Any CPU
		{4A2EAB1D-FA08-433A-B76D-C2FD027E09BA}.Debug|Any CPU.Build.0 = Debug|Any CPU
		{4A2EAB1D-FA08-433A-B76D-C2FD027E09BA}.Release|Any CPU.ActiveCfg = Release|Any CPU
		{4A2EAB1D-FA08-433A-B76D-C2FD027E09BA}.Release|Any CPU.Build.0 = Release|Any CPU
	EndGlobalSection
	GlobalSection(SolutionProperties) = preSolution
		HideSolutionNode = FALSE
	EndGlobalSection
	GlobalSection(ExtensibilityGlobals) = postSolution
		SolutionGuid = {48326FE4-E398-4A0C-A55A-3364F22D5FC7}
	EndGlobalSection
EndGlobal
